
Microsoft Visual Studio Solution File, Format Version 12.00
# Visual Studio Version 17
VisualStudioVersion = 17.10.35013.160
MinimumVisualStudioVersion = 10.0.40219.1
Project("{FAE04EC0-301F-11D3-BF4B-00C04F79EFBC}") = "areaTriangulo5834249", "areaTriangulo5834249\areaTriangulo5834249.csproj", "{D2A75891-A732-42D2-B73A-9DD9C3281B43}"
EndProject
Global
	GlobalSection(SolutionConfigurationPlatforms) = preSolution
		Debug|Any CPU = Debug|Any CPU
		Release|Any CPU = Release|Any CPU
	EndGlobalSection
	GlobalSection(ProjectConfigurationPlatforms) = postSolution
		{D2A75891-A732-42D2-B73A-9DD9C3281B43}.Debug|Any CPU.ActiveCfg = Debug|Any CPU
		{D2A75891-A732-42D2-B73A-9DD9C3281B43}.Debug|Any CPU.Build.0 = Debug|Any CPU
		{D2A75891-A732-42D2-B73A-9DD9C3281B43}.Debug|Any CPU.Deploy.0 = Debug|Any CPU
		{D2A75891-A732-42D2-B73A-9DD9C3281B43}.Release|Any CPU.ActiveCfg = Release|Any CPU
		{D2A75891-A732-42D2-B73A-9DD9C3281B43}.Release|Any CPU.Build.0 = Release|Any CPU
		{D2A75891-A732-42D2-B73A-9DD9C3281B43}.Release|Any CPU.Deploy.0 = Release|Any CPU
	EndGlobalSection
	GlobalSection(SolutionProperties) = preSolution
		HideSolutionNode = FALSE
	EndGlobalSection
	GlobalSection(ExtensibilityGlobals) = postSolution
		SolutionGuid = {DDCBF52E-F182-4C7F-9561-1B22A832A1EB}
	EndGlobalSection
EndGlobal
